
Microsoft Visual Studio Solution File, Format Version 12.00
# Visual Studio Version 17
VisualStudioVersion = 17.7.34031.279
MinimumVisualStudioVersion = 10.0.40219.1
Project("{FAE04EC0-301F-11D3-BF4B-00C04F79EFBC}") = "Assessment1", "Assessment1\Assessment1.csproj", "{DE11E496-BA0C-4E3A-9AF8-07C99ED951FD}"
EndProject
Global
	GlobalSection(SolutionConfigurationPlatforms) = preSolution
		Debug|Any CPU = Debug|Any CPU
		Release|Any CPU = Release|Any CPU
	EndGlobalSection
	GlobalSection(ProjectConfigurationPlatforms) = postSolution
		{DE11E496-BA0C-4E3A-9AF8-07C99ED951FD}.Debug|Any CPU.ActiveCfg = Debug|Any CPU
		{DE11E496-BA0C-4E3A-9AF8-07C99ED951FD}.Debug|Any CPU.Build.0 = Debug|Any CPU
		{DE11E496-BA0C-4E3A-9AF8-07C99ED951FD}.Release|Any CPU.ActiveCfg = Release|Any CPU
		{DE11E496-BA0C-4E3A-9AF8-07C99ED951FD}.Release|Any CPU.Build.0 = Release|Any CPU
	EndGlobalSection
	GlobalSection(SolutionProperties) = preSolution
		HideSolutionNode = FALSE
	EndGlobalSection
	GlobalSection(ExtensibilityGlobals) = postSolution
		SolutionGuid = {DD6DFA6D-E706-45FC-A353-0D2B45B024DC}
	EndGlobalSection
EndGlobal
